# Generated by move; do not edit
# This file should be checked in.

[move]
version = 4

[pinned.mainnet.MoveStdlib]
source = { git = "https://github.com/MystenLabs/sui.git", subdir = "crates/sui-framework/packages/move-stdlib", rev = "d50b78880fdacb1bbde92e6974ed71a7650c1090" }
use_environment = "mainnet"
manifest_digest = "C4FE4C91DE74CBF223B2E380AE40F592177D21870DC2D7EB6227D2D694E05363"
deps = {}

[pinned.mainnet.Sui]
source = { git = "https://github.com/MystenLabs/sui.git", subdir = "crates/sui-framework/packages/sui-framework", rev = "d50b78880fdacb1bbde92e6974ed71a7650c1090" }
use_environment = "mainnet"
manifest_digest = "CD547CB1ACCE0880C835DAED2D8FFCB91D56C833AE5240D3AA5B918398263195"
deps = { MoveStdlib = "MoveStdlib" }

[pinned.mainnet.ccip]
source = { git = "https://github.com/smartcontractkit/chainlink-sui.git", subdir = "contracts/ccip/ccip", rev = "1239126e21ed0257fa190aa87893f14730ef7e04" }
use_environment = "mainnet"
manifest_digest = "E9D8B5E9434F763A21B48F6C08BD745951401E596E59EE50EF7255138D641EF1"
deps = { fast_mcms = "mcms", mcms = "mcms_1", std = "MoveStdlib", sui = "Sui" }

[pinned.mainnet.ccip_message_receiver]
source = { root = true }
use_environment = "mainnet"
manifest_digest = "A0C9F985BE46C7CC8C20C51EAF47A6611AE1193F1D13B8092DF552C3F9E23509"
deps = { ccip = "ccip", std = "MoveStdlib", sui = "Sui" }

[pinned.mainnet.mcms]
source = { git = "https://github.com/smartcontractkit/chainlink-sui.git", subdir = "contracts/mcms/fast_mcms", rev = "1239126e21ed0257fa190aa87893f14730ef7e04" }
use_environment = "mainnet"
manifest_digest = "E41BBD67BE8940D26C79D78B028477EF5B33BA217A1282C78ACB344CF8A5ECF6"
deps = { std = "MoveStdlib", sui = "Sui" }

[pinned.mainnet.mcms_1]
source = { git = "https://github.com/smartcontractkit/chainlink-sui.git", subdir = "contracts/mcms/mcms", rev = "1239126e21ed0257fa190aa87893f14730ef7e04" }
use_environment = "mainnet"
manifest_digest = "E41BBD67BE8940D26C79D78B028477EF5B33BA217A1282C78ACB344CF8A5ECF6"
deps = { std = "MoveStdlib", sui = "Sui" }

[pinned.testnet.MoveStdlib]
source = { git = "https://github.com/MystenLabs/sui.git", subdir = "crates/sui-framework/packages/move-stdlib", rev = "d50b78880fdacb1bbde92e6974ed71a7650c1090" }
use_environment = "testnet"
manifest_digest = "C4FE4C91DE74CBF223B2E380AE40F592177D21870DC2D7EB6227D2D694E05363"
deps = {}

[pinned.testnet.Sui]
source = { git = "https://github.com/MystenLabs/sui.git", subdir = "crates/sui-framework/packages/sui-framework", rev = "d50b78880fdacb1bbde92e6974ed71a7650c1090" }
use_environment = "testnet"
manifest_digest = "7AFB66695545775FBFBB2D3078ADFD084244D5002392E837FDE21D9EA1C6D01C"
deps = { MoveStdlib = "MoveStdlib" }

[pinned.testnet.ccip]
source = { git = "https://github.com/smartcontractkit/chainlink-sui.git", subdir = "contracts/ccip/ccip", rev = "1239126e21ed0257fa190aa87893f14730ef7e04" }
use_environment = "testnet"
manifest_digest = "E5912E2FA12F49E878734EC73B1CAC461C88F1562C6C02B940082B986AE865FE"
deps = { fast_mcms = "mcms", mcms = "mcms_1", std = "MoveStdlib", sui = "Sui" }

[pinned.testnet.ccip_message_receiver]
source = { root = true }
use_environment = "testnet"
manifest_digest = "8E3CE04290D433311AA21462228C0E2B7AA14A65EE3FCAB61DC3213F16F3DB11"
deps = { ccip = "ccip", std = "MoveStdlib", sui = "Sui" }

[pinned.testnet.mcms]
source = { git = "https://github.com/smartcontractkit/chainlink-sui.git", subdir = "contracts/mcms/fast_mcms", rev = "1239126e21ed0257fa190aa87893f14730ef7e04" }
use_environment = "testnet"
manifest_digest = "5745706258F61D6CE210904B3E6AE87A73CE9D31A6F93BE4718C442529332A87"
deps = { std = "MoveStdlib", sui = "Sui" }

[pinned.testnet.mcms_1]
source = { git = "https://github.com/smartcontractkit/chainlink-sui.git", subdir = "contracts/mcms/mcms", rev = "1239126e21ed0257fa190aa87893f14730ef7e04" }
use_environment = "testnet"
manifest_digest = "5745706258F61D6CE210904B3E6AE87A73CE9D31A6F93BE4718C442529332A87"
deps = { std = "MoveStdlib", sui = "Sui" }
