# Generated by move; do not edit
# This file should be checked in.

[move]
version = 4

[pinned.mainnet.MoveStdlib]
source = { git = "https://github.com/MystenLabs/sui.git", subdir = "crates/sui-framework/packages/move-stdlib", rev = "384b1c7ff289b32ed2664f29dc47dbc879fa43ee" }
use_environment = "mainnet"
manifest_digest = "C4FE4C91DE74CBF223B2E380AE40F592177D21870DC2D7EB6227D2D694E05363"
deps = {}

[pinned.mainnet.Sui]
source = { git = "https://github.com/MystenLabs/sui.git", subdir = "crates/sui-framework/packages/sui-framework", rev = "384b1c7ff289b32ed2664f29dc47dbc879fa43ee" }
use_environment = "mainnet"
manifest_digest = "CD547CB1ACCE0880C835DAED2D8FFCB91D56C833AE5240D3AA5B918398263195"
deps = { MoveStdlib = "MoveStdlib" }

[pinned.mainnet.ccip]
source = { git = "https://github.com/smartcontractkit/chainlink-sui.git", subdir = "contracts/ccip/ccip", rev = "6fd0ee48512effa77ad692a877397e7634c09c7e" }
use_environment = "mainnet"
manifest_digest = "FDDCBB3C33CD05EF930F9BA6081F828CE3535F777FDBB6143B94650B9FC13870"
deps = { mcms = "mcms", std = "MoveStdlib", sui = "Sui" }

[pinned.mainnet.ccip_message_receiver]
source = { root = true }
use_environment = "mainnet"
manifest_digest = "6293419A0FF3740574CE6B956FB62C420037CE858663FE5CC8A19A8F7F29D12C"
deps = { ccip = "ccip", std = "MoveStdlib", sui = "Sui" }

[pinned.mainnet.mcms]
source = { git = "https://github.com/smartcontractkit/chainlink-sui.git", subdir = "contracts/mcms/mcms", rev = "6fd0ee48512effa77ad692a877397e7634c09c7e" }
use_environment = "mainnet"
manifest_digest = "E41BBD67BE8940D26C79D78B028477EF5B33BA217A1282C78ACB344CF8A5ECF6"
deps = { std = "MoveStdlib", sui = "Sui" }

[pinned.testnet.MoveStdlib]
source = { git = "https://github.com/MystenLabs/sui.git", subdir = "crates/sui-framework/packages/move-stdlib", rev = "384b1c7ff289b32ed2664f29dc47dbc879fa43ee" }
use_environment = "testnet"
manifest_digest = "C4FE4C91DE74CBF223B2E380AE40F592177D21870DC2D7EB6227D2D694E05363"
deps = {}

[pinned.testnet.Sui]
source = { git = "https://github.com/MystenLabs/sui.git", subdir = "crates/sui-framework/packages/sui-framework", rev = "384b1c7ff289b32ed2664f29dc47dbc879fa43ee" }
use_environment = "testnet"
manifest_digest = "7AFB66695545775FBFBB2D3078ADFD084244D5002392E837FDE21D9EA1C6D01C"
deps = { MoveStdlib = "MoveStdlib" }

[pinned.testnet.ccip]
source = { git = "https://github.com/smartcontractkit/chainlink-sui.git", subdir = "contracts/ccip/ccip", rev = "a62f88f2e99e1e34b369298aa0d661865d1b5b31" }
use_environment = "testnet"
manifest_digest = "B41543A1928002B1ABE6F16D69A3C1BE6BCA4D7A4DB7D2F9048274EFE11ED724"
deps = { mcms = "mcms", std = "MoveStdlib", sui = "Sui" }

[pinned.testnet.ccip_message_receiver]
source = { root = true }
use_environment = "testnet"
manifest_digest = "217AB2E89A6585BB53B7C93D0E88E5411AB03BD42628A482E198B718C0152C83"
deps = { ccip = "ccip", std = "MoveStdlib", sui = "Sui" }

[pinned.testnet.mcms]
source = { git = "https://github.com/smartcontractkit/chainlink-sui.git", subdir = "contracts/mcms/mcms", rev = "a62f88f2e99e1e34b369298aa0d661865d1b5b31" }
use_environment = "testnet"
manifest_digest = "5745706258F61D6CE210904B3E6AE87A73CE9D31A6F93BE4718C442529332A87"
deps = { std = "MoveStdlib", sui = "Sui" }
